
Microsoft Visual Studio Solution File, Format Version 12.00
Project("{F2A71F9B-5D33-465A-A702-920D77279786}") = "Screenshot.CLI", "Screenshot.CLI\Screenshot.CLI.fsproj", "{D0F74B67-D9EF-4358-9F0C-14899C529574}"
EndProject
Project("{FAE04EC0-301F-11D3-BF4B-00C04F79EFBC}") = "Screenshot.UI", "Screenshot.UI\Screenshot.UI.csproj", "{7F1D9536-EC17-45ED-9FB4-AB0657EA4D19}"
EndProject
Project("{F2A71F9B-5D33-465A-A702-920D77279786}") = "Screenshot.ScreenCapture.API", "Screenshot.ScreenCapture.API\Screenshot.ScreenCapture.API.fsproj", "{D7CAA166-C43B-4930-972E-03AEDE477261}"
EndProject
Project("{FAE04EC0-301F-11D3-BF4B-00C04F79EFBC}") = "Screenshot.KeyboardManager", "Screenshot.KeyboardManager\Screenshot.KeyboardManager.csproj", "{2305B555-C1A1-42F5-89C0-B542F5A3278A}"
EndProject
Project("{F2A71F9B-5D33-465A-A702-920D77279786}") = "Screenshot.Settings.API", "Screenshot.Settings.API\Screenshot.Settings.API.fsproj", "{1D1485F6-9CCF-4826-92EC-327DE20D6463}"
EndProject
Project("{F2A71F9B-5D33-465A-A702-920D77279786}") = "Screenshot.Common.FSharp", "Screenshot.Common.FSharp\Screenshot.Common.FSharp.fsproj", "{4F049A68-8AB5-4638-81E9-8CD9E132054B}"
EndProject
Global
	GlobalSection(SolutionConfigurationPlatforms) = preSolution
		Debug|Any CPU = Debug|Any CPU
		Release|Any CPU = Release|Any CPU
	EndGlobalSection
	GlobalSection(ProjectConfigurationPlatforms) = postSolution
		{D0F74B67-D9EF-4358-9F0C-14899C529574}.Debug|Any CPU.ActiveCfg = Debug|Any CPU
		{D0F74B67-D9EF-4358-9F0C-14899C529574}.Debug|Any CPU.Build.0 = Debug|Any CPU
		{D0F74B67-D9EF-4358-9F0C-14899C529574}.Release|Any CPU.ActiveCfg = Release|Any CPU
		{D0F74B67-D9EF-4358-9F0C-14899C529574}.Release|Any CPU.Build.0 = Release|Any CPU
		{7F1D9536-EC17-45ED-9FB4-AB0657EA4D19}.Debug|Any CPU.ActiveCfg = Debug|Any CPU
		{7F1D9536-EC17-45ED-9FB4-AB0657EA4D19}.Debug|Any CPU.Build.0 = Debug|Any CPU
		{7F1D9536-EC17-45ED-9FB4-AB0657EA4D19}.Release|Any CPU.ActiveCfg = Release|Any CPU
		{7F1D9536-EC17-45ED-9FB4-AB0657EA4D19}.Release|Any CPU.Build.0 = Release|Any CPU
		{D7CAA166-C43B-4930-972E-03AEDE477261}.Debug|Any CPU.ActiveCfg = Debug|Any CPU
		{D7CAA166-C43B-4930-972E-03AEDE477261}.Debug|Any CPU.Build.0 = Debug|Any CPU
		{D7CAA166-C43B-4930-972E-03AEDE477261}.Release|Any CPU.ActiveCfg = Release|Any CPU
		{D7CAA166-C43B-4930-972E-03AEDE477261}.Release|Any CPU.Build.0 = Release|Any CPU
		{2305B555-C1A1-42F5-89C0-B542F5A3278A}.Debug|Any CPU.ActiveCfg = Debug|Any CPU
		{2305B555-C1A1-42F5-89C0-B542F5A3278A}.Debug|Any CPU.Build.0 = Debug|Any CPU
		{2305B555-C1A1-42F5-89C0-B542F5A3278A}.Release|Any CPU.ActiveCfg = Release|Any CPU
		{2305B555-C1A1-42F5-89C0-B542F5A3278A}.Release|Any CPU.Build.0 = Release|Any CPU
		{1D1485F6-9CCF-4826-92EC-327DE20D6463}.Debug|Any CPU.ActiveCfg = Debug|Any CPU
		{1D1485F6-9CCF-4826-92EC-327DE20D6463}.Debug|Any CPU.Build.0 = Debug|Any CPU
		{1D1485F6-9CCF-4826-92EC-327DE20D6463}.Release|Any CPU.ActiveCfg = Release|Any CPU
		{1D1485F6-9CCF-4826-92EC-327DE20D6463}.Release|Any CPU.Build.0 = Release|Any CPU
		{4F049A68-8AB5-4638-81E9-8CD9E132054B}.Debug|Any CPU.ActiveCfg = Debug|Any CPU
		{4F049A68-8AB5-4638-81E9-8CD9E132054B}.Debug|Any CPU.Build.0 = Debug|Any CPU
		{4F049A68-8AB5-4638-81E9-8CD9E132054B}.Release|Any CPU.ActiveCfg = Release|Any CPU
		{4F049A68-8AB5-4638-81E9-8CD9E132054B}.Release|Any CPU.Build.0 = Release|Any CPU
	EndGlobalSection
EndGlobal
